
Microsoft Visual Studio Solution File, Format Version 12.00
# Visual Studio Version 17
VisualStudioVersion = 17.0.32014.148
MinimumVisualStudioVersion = 10.0.40219.1
Project("{FAE04EC0-301F-11D3-BF4B-00C04F79EFBC}") = "FileCept", "FileCept\FileCept.csproj", "{67B2FA07-7EDF-4087-8DCD-FF2A16BB651F}"
EndProject
Global
	GlobalSection(SolutionConfigurationPlatforms) = preSolution
		Debug|Any CPU = Debug|Any CPU
		Release|Any CPU = Release|Any CPU
	EndGlobalSection
	GlobalSection(ProjectConfigurationPlatforms) = postSolution
		{67B2FA07-7EDF-4087-8DCD-FF2A16BB651F}.Debug|Any CPU.ActiveCfg = Debug|Any CPU
		{67B2FA07-7EDF-4087-8DCD-FF2A16BB651F}.Debug|Any CPU.Build.0 = Debug|Any CPU
		{67B2FA07-7EDF-4087-8DCD-FF2A16BB651F}.Release|Any CPU.ActiveCfg = Release|Any CPU
		{67B2FA07-7EDF-4087-8DCD-FF2A16BB651F}.Release|Any CPU.Build.0 = Release|Any CPU
	EndGlobalSection
	GlobalSection(SolutionProperties) = preSolution
		HideSolutionNode = FALSE
	EndGlobalSection
	GlobalSection(ExtensibilityGlobals) = postSolution
		SolutionGuid = {13220D7D-2798-4957-A0AE-C1DB3593E3A2}
	EndGlobalSection
EndGlobal
